// !$*UTF8*$!
{
	archiveVersion = 1;
	classes = {
	};
	objectVersion = 46;
	objects = {

/* Begin PBXBuildFile section */
		832E9259C0557630BBD81312 /* libPods.a in Frameworks */ = {isa = PBXBuildFile; fileRef = DEBEA0DEF9C03CD45B79A33C /* libPods.a */; };
		D662E5AA1A926FD5001D39E9 /* ProfileViewController.m in Sources */ = {isa = PBXBuildFile; fileRef = D662E5A81A926FD5001D39E9 /* ProfileViewController.m */; };
		D662E5AB1A926FD5001D39E9 /* ProfileViewController.xib in Resources */ = {isa = PBXBuildFile; fileRef = D662E5A91A926FD5001D39E9 /* ProfileViewController.xib */; };
		D662E5AF1A928B52001D39E9 /* ProfileHeaderViewController.m in Sources */ = {isa = PBXBuildFile; fileRef = D662E5AD1A928B52001D39E9 /* ProfileHeaderViewController.m */; };
		D662E5B01A928B52001D39E9 /* ProfileHeaderViewController.xib in Resources */ = {isa = PBXBuildFile; fileRef = D662E5AE1A928B52001D39E9 /* ProfileHeaderViewController.xib */; };
		D6ACBF171A93221D005EF961 /* PageBarViewController.m in Sources */ = {isa = PBXBuildFile; fileRef = D6ACBF151A93221D005EF961 /* PageBarViewController.m */; };
		D6ACBF181A93221D005EF961 /* PageBarViewController.xib in Resources */ = {isa = PBXBuildFile; fileRef = D6ACBF161A93221D005EF961 /* PageBarViewController.xib */; };
		D6B1D57A1A92F7C50004D653 /* SegmentedControlViewController.m in Sources */ = {isa = PBXBuildFile; fileRef = D6B1D5781A92F7C50004D653 /* SegmentedControlViewController.m */; };
		D6B1D57B1A92F7C50004D653 /* SegmentedControlViewController.xib in Resources */ = {isa = PBXBuildFile; fileRef = D6B1D5791A92F7C50004D653 /* SegmentedControlViewController.xib */; };
		D6B40BC01A8868140012268B /* retweet.png in Resources */ = {isa = PBXBuildFile; fileRef = D6B40BBF1A8868140012268B /* retweet.png */; };
		D6B40BC21A8868C20012268B /* favorite.png in Resources */ = {isa = PBXBuildFile; fileRef = D6B40BC11A8868C20012268B /* favorite.png */; };
		D6B40BC61A886B570012268B /* favorite_on.png in Resources */ = {isa = PBXBuildFile; fileRef = D6B40BC31A886B570012268B /* favorite_on.png */; };
		D6B40BC71A886B570012268B /* reply.png in Resources */ = {isa = PBXBuildFile; fileRef = D6B40BC41A886B570012268B /* reply.png */; };
		D6B40BC81A886B570012268B /* retweet_on.png in Resources */ = {isa = PBXBuildFile; fileRef = D6B40BC51A886B570012268B /* retweet_on.png */; };
		D6C4D17A1A86DB3A003A1C7A /* TwitterClient.m in Sources */ = {isa = PBXBuildFile; fileRef = D6C4D1791A86DB3A003A1C7A /* TwitterClient.m */; };
		D6C4D17E1A872182003A1C7A /* User.m in Sources */ = {isa = PBXBuildFile; fileRef = D6C4D17D1A872182003A1C7A /* User.m */; };
		D6C4D1811A87268A003A1C7A /* Tweet.m in Sources */ = {isa = PBXBuildFile; fileRef = D6C4D1801A87268A003A1C7A /* Tweet.m */; };
		D6C4DC0D1A8488E200C94FA3 /* main.m in Sources */ = {isa = PBXBuildFile; fileRef = D6C4DC0C1A8488E200C94FA3 /* main.m */; };
		D6C4DC101A8488E200C94FA3 /* AppDelegate.m in Sources */ = {isa = PBXBuildFile; fileRef = D6C4DC0F1A8488E200C94FA3 /* AppDelegate.m */; };
		D6C4DC181A8488E200C94FA3 /* Images.xcassets in Resources */ = {isa = PBXBuildFile; fileRef = D6C4DC171A8488E200C94FA3 /* Images.xcassets */; };
		D6C4DC1B1A8488E200C94FA3 /* LaunchScreen.xib in Resources */ = {isa = PBXBuildFile; fileRef = D6C4DC191A8488E200C94FA3 /* LaunchScreen.xib */; };
		D6C4DC271A8488E200C94FA3 /* twitterTests.m in Sources */ = {isa = PBXBuildFile; fileRef = D6C4DC261A8488E200C94FA3 /* twitterTests.m */; };
		D6C4DC331A84896E00C94FA3 /* TimelineViewController.m in Sources */ = {isa = PBXBuildFile; fileRef = D6C4DC311A84896E00C94FA3 /* TimelineViewController.m */; };
		D6C4DC341A84896E00C94FA3 /* TimelineViewController.xib in Resources */ = {isa = PBXBuildFile; fileRef = D6C4DC321A84896E00C94FA3 /* TimelineViewController.xib */; };
		D6C4DC381A848D0600C94FA3 /* LoginViewController.m in Sources */ = {isa = PBXBuildFile; fileRef = D6C4DC361A848D0600C94FA3 /* LoginViewController.m */; };
		D6C4DC391A848D0600C94FA3 /* LoginViewController.xib in Resources */ = {isa = PBXBuildFile; fileRef = D6C4DC371A848D0600C94FA3 /* LoginViewController.xib */; };
		D6C4DC3D1A84949300C94FA3 /* DetailViewController.m in Sources */ = {isa = PBXBuildFile; fileRef = D6C4DC3B1A84949300C94FA3 /* DetailViewController.m */; };
		D6C4DC3E1A84949300C94FA3 /* DetailViewController.xib in Resources */ = {isa = PBXBuildFile; fileRef = D6C4DC3C1A84949300C94FA3 /* DetailViewController.xib */; };
		D6C4DC421A8494B400C94FA3 /* ComposeViewController.m in Sources */ = {isa = PBXBuildFile; fileRef = D6C4DC401A8494B400C94FA3 /* ComposeViewController.m */; };
		D6C4DC431A8494B400C94FA3 /* ComposeViewController.xib in Resources */ = {isa = PBXBuildFile; fileRef = D6C4DC411A8494B400C94FA3 /* ComposeViewController.xib */; };
		D6C4DC471A8494E100C94FA3 /* TweetCell.m in Sources */ = {isa = PBXBuildFile; fileRef = D6C4DC451A8494E100C94FA3 /* TweetCell.m */; };
		D6C4DC481A8494E100C94FA3 /* TweetCell.xib in Resources */ = {isa = PBXBuildFile; fileRef = D6C4DC461A8494E100C94FA3 /* TweetCell.xib */; };
		D6E69EB51A89EDBC00E4B279 /* Twitter_logo_white.png in Resources */ = {isa = PBXBuildFile; fileRef = D6E69EB41A89EDBC00E4B279 /* Twitter_logo_white.png */; };
/* End PBXBuildFile section */

/* Begin PBXContainerItemProxy section */
		D6C4DC211A8488E200C94FA3 /* PBXContainerItemProxy */ = {
			isa = PBXContainerItemProxy;
			containerPortal = D6C4DBFF1A8488E200C94FA3 /* Project object */;
			proxyType = 1;
			remoteGlobalIDString = D6C4DC061A8488E200C94FA3;
			remoteInfo = twitter;
		};
/* End PBXContainerItemProxy section */

/* Begin PBXFileReference section */
		D662E5A71A926FD5001D39E9 /* ProfileViewController.h */ = {isa = PBXFileReference; fileEncoding = 4; lastKnownFileType = sourcecode.c.h; path = ProfileViewController.h; sourceTree = "<group>"; };
		D662E5A81A926FD5001D39E9 /* ProfileViewController.m */ = {isa = PBXFileReference; fileEncoding = 4; lastKnownFileType = sourcecode.c.objc; path = ProfileViewController.m; sourceTree = "<group>"; };
		D662E5A91A926FD5001D39E9 /* ProfileViewController.xib */ = {isa = PBXFileReference; fileEncoding = 4; lastKnownFileType = file.xib; path = ProfileViewController.xib; sourceTree = "<group>"; };
		D662E5AC1A928B52001D39E9 /* ProfileHeaderViewController.h */ = {isa = PBXFileReference; fileEncoding = 4; lastKnownFileType = sourcecode.c.h; path = ProfileHeaderViewController.h; sourceTree = "<group>"; };
		D662E5AD1A928B52001D39E9 /* ProfileHeaderViewController.m */ = {isa = PBXFileReference; fileEncoding = 4; lastKnownFileType = sourcecode.c.objc; path = ProfileHeaderViewController.m; sourceTree = "<group>"; };
		D662E5AE1A928B52001D39E9 /* ProfileHeaderViewController.xib */ = {isa = PBXFileReference; fileEncoding = 4; lastKnownFileType = file.xib; path = ProfileHeaderViewController.xib; sourceTree = "<group>"; };
		D69A3319FF0A90E5A988956E /* Pods.release.xcconfig */ = {isa = PBXFileReference; includeInIndex = 1; lastKnownFileType = text.xcconfig; name = Pods.release.xcconfig; path = "Pods/Target Support Files/Pods/Pods.release.xcconfig"; sourceTree = "<group>"; };
		D6ACBF141A93221D005EF961 /* PageBarViewController.h */ = {isa = PBXFileReference; fileEncoding = 4; lastKnownFileType = sourcecode.c.h; path = PageBarViewController.h; sourceTree = "<group>"; };
		D6ACBF151A93221D005EF961 /* PageBarViewController.m */ = {isa = PBXFileReference; fileEncoding = 4; lastKnownFileType = sourcecode.c.objc; path = PageBarViewController.m; sourceTree = "<group>"; };
		D6ACBF161A93221D005EF961 /* PageBarViewController.xib */ = {isa = PBXFileReference; fileEncoding = 4; lastKnownFileType = file.xib; path = PageBarViewController.xib; sourceTree = "<group>"; };
		D6B1D5771A92F7C50004D653 /* SegmentedControlViewController.h */ = {isa = PBXFileReference; fileEncoding = 4; lastKnownFileType = sourcecode.c.h; path = SegmentedControlViewController.h; sourceTree = "<group>"; };
		D6B1D5781A92F7C50004D653 /* SegmentedControlViewController.m */ = {isa = PBXFileReference; fileEncoding = 4; lastKnownFileType = sourcecode.c.objc; path = SegmentedControlViewController.m; sourceTree = "<group>"; };
		D6B1D5791A92F7C50004D653 /* SegmentedControlViewController.xib */ = {isa = PBXFileReference; fileEncoding = 4; lastKnownFileType = file.xib; path = SegmentedControlViewController.xib; sourceTree = "<group>"; };
		D6B40BBF1A8868140012268B /* retweet.png */ = {isa = PBXFileReference; lastKnownFileType = image.png; name = retweet.png; path = Images.xcassets/retweet.png; sourceTree = "<group>"; };
		D6B40BC11A8868C20012268B /* favorite.png */ = {isa = PBXFileReference; lastKnownFileType = image.png; name = favorite.png; path = Images.xcassets/favorite.png; sourceTree = "<group>"; };
		D6B40BC31A886B570012268B /* favorite_on.png */ = {isa = PBXFileReference; lastKnownFileType = image.png; name = favorite_on.png; path = Images.xcassets/favorite_on.png; sourceTree = "<group>"; };
		D6B40BC41A886B570012268B /* reply.png */ = {isa = PBXFileReference; lastKnownFileType = image.png; name = reply.png; path = Images.xcassets/reply.png; sourceTree = "<group>"; };
		D6B40BC51A886B570012268B /* retweet_on.png */ = {isa = PBXFileReference; lastKnownFileType = image.png; name = retweet_on.png; path = Images.xcassets/retweet_on.png; sourceTree = "<group>"; };
		D6C4D1781A86DB3A003A1C7A /* TwitterClient.h */ = {isa = PBXFileReference; fileEncoding = 4; lastKnownFileType = sourcecode.c.h; path = TwitterClient.h; sourceTree = "<group>"; };
		D6C4D1791A86DB3A003A1C7A /* TwitterClient.m */ = {isa = PBXFileReference; fileEncoding = 4; lastKnownFileType = sourcecode.c.objc; path = TwitterClient.m; sourceTree = "<group>"; };
		D6C4D17C1A872182003A1C7A /* User.h */ = {isa = PBXFileReference; fileEncoding = 4; lastKnownFileType = sourcecode.c.h; path = User.h; sourceTree = "<group>"; };
		D6C4D17D1A872182003A1C7A /* User.m */ = {isa = PBXFileReference; fileEncoding = 4; lastKnownFileType = sourcecode.c.objc; path = User.m; sourceTree = "<group>"; };
		D6C4D17F1A87268A003A1C7A /* Tweet.h */ = {isa = PBXFileReference; fileEncoding = 4; lastKnownFileType = sourcecode.c.h; path = Tweet.h; sourceTree = "<group>"; };
		D6C4D1801A87268A003A1C7A /* Tweet.m */ = {isa = PBXFileReference; fileEncoding = 4; lastKnownFileType = sourcecode.c.objc; path = Tweet.m; sourceTree = "<group>"; };
		D6C4DC071A8488E200C94FA3 /* twitter.app */ = {isa = PBXFileReference; explicitFileType = wrapper.application; includeInIndex = 0; path = twitter.app; sourceTree = BUILT_PRODUCTS_DIR; };
		D6C4DC0B1A8488E200C94FA3 /* Info.plist */ = {isa = PBXFileReference; lastKnownFileType = text.plist.xml; path = Info.plist; sourceTree = "<group>"; };
		D6C4DC0C1A8488E200C94FA3 /* main.m */ = {isa = PBXFileReference; lastKnownFileType = sourcecode.c.objc; path = main.m; sourceTree = "<group>"; };
		D6C4DC0E1A8488E200C94FA3 /* AppDelegate.h */ = {isa = PBXFileReference; lastKnownFileType = sourcecode.c.h; path = AppDelegate.h; sourceTree = "<group>"; };
		D6C4DC0F1A8488E200C94FA3 /* AppDelegate.m */ = {isa = PBXFileReference; lastKnownFileType = sourcecode.c.objc; path = AppDelegate.m; sourceTree = "<group>"; };
		D6C4DC171A8488E200C94FA3 /* Images.xcassets */ = {isa = PBXFileReference; lastKnownFileType = folder.assetcatalog; path = Images.xcassets; sourceTree = "<group>"; };
		D6C4DC1A1A8488E200C94FA3 /* Base */ = {isa = PBXFileReference; lastKnownFileType = file.xib; name = Base; path = Base.lproj/LaunchScreen.xib; sourceTree = "<group>"; };
		D6C4DC201A8488E200C94FA3 /* twitterTests.xctest */ = {isa = PBXFileReference; explicitFileType = wrapper.cfbundle; includeInIndex = 0; path = twitterTests.xctest; sourceTree = BUILT_PRODUCTS_DIR; };
		D6C4DC251A8488E200C94FA3 /* Info.plist */ = {isa = PBXFileReference; lastKnownFileType = text.plist.xml; path = Info.plist; sourceTree = "<group>"; };
		D6C4DC261A8488E200C94FA3 /* twitterTests.m */ = {isa = PBXFileReference; lastKnownFileType = sourcecode.c.objc; path = twitterTests.m; sourceTree = "<group>"; };
		D6C4DC301A84896E00C94FA3 /* TimelineViewController.h */ = {isa = PBXFileReference; fileEncoding = 4; lastKnownFileType = sourcecode.c.h; path = TimelineViewController.h; sourceTree = "<group>"; };
		D6C4DC311A84896E00C94FA3 /* TimelineViewController.m */ = {isa = PBXFileReference; fileEncoding = 4; lastKnownFileType = sourcecode.c.objc; path = TimelineViewController.m; sourceTree = "<group>"; };
		D6C4DC321A84896E00C94FA3 /* TimelineViewController.xib */ = {isa = PBXFileReference; fileEncoding = 4; lastKnownFileType = file.xib; path = TimelineViewController.xib; sourceTree = "<group>"; };
		D6C4DC351A848D0600C94FA3 /* LoginViewController.h */ = {isa = PBXFileReference; fileEncoding = 4; lastKnownFileType = sourcecode.c.h; path = LoginViewController.h; sourceTree = "<group>"; };
		D6C4DC361A848D0600C94FA3 /* LoginViewController.m */ = {isa = PBXFileReference; fileEncoding = 4; lastKnownFileType = sourcecode.c.objc; path = LoginViewController.m; sourceTree = "<group>"; };
		D6C4DC371A848D0600C94FA3 /* LoginViewController.xib */ = {isa = PBXFileReference; fileEncoding = 4; lastKnownFileType = file.xib; path = LoginViewController.xib; sourceTree = "<group>"; };
		D6C4DC3A1A84949300C94FA3 /* DetailViewController.h */ = {isa = PBXFileReference; fileEncoding = 4; lastKnownFileType = sourcecode.c.h; path = DetailViewController.h; sourceTree = "<group>"; };
		D6C4DC3B1A84949300C94FA3 /* DetailViewController.m */ = {isa = PBXFileReference; fileEncoding = 4; lastKnownFileType = sourcecode.c.objc; path = DetailViewController.m; sourceTree = "<group>"; };
		D6C4DC3C1A84949300C94FA3 /* DetailViewController.xib */ = {isa = PBXFileReference; fileEncoding = 4; lastKnownFileType = file.xib; path = DetailViewController.xib; sourceTree = "<group>"; };
		D6C4DC3F1A8494B400C94FA3 /* ComposeViewController.h */ = {isa = PBXFileReference; fileEncoding = 4; lastKnownFileType = sourcecode.c.h; path = ComposeViewController.h; sourceTree = "<group>"; };
		D6C4DC401A8494B400C94FA3 /* ComposeViewController.m */ = {isa = PBXFileReference; fileEncoding = 4; lastKnownFileType = sourcecode.c.objc; path = ComposeViewController.m; sourceTree = "<group>"; };
		D6C4DC411A8494B400C94FA3 /* ComposeViewController.xib */ = {isa = PBXFileReference; fileEncoding = 4; lastKnownFileType = file.xib; path = ComposeViewController.xib; sourceTree = "<group>"; };
		D6C4DC441A8494E000C94FA3 /* TweetCell.h */ = {isa = PBXFileReference; fileEncoding = 4; lastKnownFileType = sourcecode.c.h; path = TweetCell.h; sourceTree = "<group>"; };
		D6C4DC451A8494E100C94FA3 /* TweetCell.m */ = {isa = PBXFileReference; fileEncoding = 4; lastKnownFileType = sourcecode.c.objc; path = TweetCell.m; sourceTree = "<group>"; };
		D6C4DC461A8494E100C94FA3 /* TweetCell.xib */ = {isa = PBXFileReference; fileEncoding = 4; lastKnownFileType = file.xib; path = TweetCell.xib; sourceTree = "<group>"; };
		D6E69EB41A89EDBC00E4B279 /* Twitter_logo_white.png */ = {isa = PBXFileReference; lastKnownFileType = image.png; path = Twitter_logo_white.png; sourceTree = "<group>"; };
		DEBEA0DEF9C03CD45B79A33C /* libPods.a */ = {isa = PBXFileReference; explicitFileType = archive.ar; includeInIndex = 0; path = libPods.a; sourceTree = BUILT_PRODUCTS_DIR; };
		E92FF3808BBFED26EFFD3918 /* Pods.debug.xcconfig */ = {isa = PBXFileReference; includeInIndex = 1; lastKnownFileType = text.xcconfig; name = Pods.debug.xcconfig; path = "Pods/Target Support Files/Pods/Pods.debug.xcconfig"; sourceTree = "<group>"; };
/* End PBXFileReference section */

/* Begin PBXFrameworksBuildPhase section */
		D6C4DC041A8488E200C94FA3 /* Frameworks */ = {
			isa = PBXFrameworksBuildPhase;
			buildActionMask = 2147483647;
			files = (
				832E9259C0557630BBD81312 /* libPods.a in Frameworks */,
			);
			runOnlyForDeploymentPostprocessing = 0;
		};
		D6C4DC1D1A8488E200C94FA3 /* Frameworks */ = {
			isa = PBXFrameworksBuildPhase;
			buildActionMask = 2147483647;
			files = (
			);
			runOnlyForDeploymentPostprocessing = 0;
		};
/* End PBXFrameworksBuildPhase section */

/* Begin PBXGroup section */
		A28861B90FD0C6063474067E /* Pods */ = {
			isa = PBXGroup;
			children = (
				E92FF3808BBFED26EFFD3918 /* Pods.debug.xcconfig */,
				D69A3319FF0A90E5A988956E /* Pods.release.xcconfig */,
			);
			name = Pods;
			sourceTree = "<group>";
		};
		D618EB071A8865620048EC0D /* Images */ = {
			isa = PBXGroup;
			children = (
				D6E69EB41A89EDBC00E4B279 /* Twitter_logo_white.png */,
				D6B40BC31A886B570012268B /* favorite_on.png */,
				D6B40BC41A886B570012268B /* reply.png */,
				D6B40BC51A886B570012268B /* retweet_on.png */,
				D6B40BC11A8868C20012268B /* favorite.png */,
				D6B40BBF1A8868140012268B /* retweet.png */,
			);
			name = Images;
			sourceTree = "<group>";
		};
		D6B1D5761A92E5860004D653 /* Profile */ = {
			isa = PBXGroup;
			children = (
				D662E5A71A926FD5001D39E9 /* ProfileViewController.h */,
				D662E5A81A926FD5001D39E9 /* ProfileViewController.m */,
				D662E5A91A926FD5001D39E9 /* ProfileViewController.xib */,
				D662E5AC1A928B52001D39E9 /* ProfileHeaderViewController.h */,
				D662E5AD1A928B52001D39E9 /* ProfileHeaderViewController.m */,
				D662E5AE1A928B52001D39E9 /* ProfileHeaderViewController.xib */,
				D6B1D5771A92F7C50004D653 /* SegmentedControlViewController.h */,
				D6B1D5781A92F7C50004D653 /* SegmentedControlViewController.m */,
				D6B1D5791A92F7C50004D653 /* SegmentedControlViewController.xib */,
			);
			name = Profile;
			sourceTree = "<group>";
		};
		D6C4D17B1A872107003A1C7A /* Models */ = {
			isa = PBXGroup;
			children = (
				D6C4D17C1A872182003A1C7A /* User.h */,
				D6C4D17D1A872182003A1C7A /* User.m */,
				D6C4D17F1A87268A003A1C7A /* Tweet.h */,
				D6C4D1801A87268A003A1C7A /* Tweet.m */,
			);
			name = Models;
			sourceTree = "<group>";
		};
		D6C4DBFE1A8488E200C94FA3 = {
			isa = PBXGroup;
			children = (
				D6C4DC091A8488E200C94FA3 /* twitter */,
				D6C4DC231A8488E200C94FA3 /* twitterTests */,
				D6C4DC081A8488E200C94FA3 /* Products */,
				A28861B90FD0C6063474067E /* Pods */,
				DA8205F18F8FE3F03EE1EFD2 /* Frameworks */,
			);
			sourceTree = "<group>";
		};
		D6C4DC081A8488E200C94FA3 /* Products */ = {
			isa = PBXGroup;
			children = (
				D6C4DC071A8488E200C94FA3 /* twitter.app */,
				D6C4DC201A8488E200C94FA3 /* twitterTests.xctest */,
			);
			name = Products;
			sourceTree = "<group>";
		};
		D6C4DC091A8488E200C94FA3 /* twitter */ = {
			isa = PBXGroup;
			children = (
				D6B1D5761A92E5860004D653 /* Profile */,
				D618EB071A8865620048EC0D /* Images */,
				D6C4D17B1A872107003A1C7A /* Models */,
				D6C4DC0E1A8488E200C94FA3 /* AppDelegate.h */,
				D6C4DC0F1A8488E200C94FA3 /* AppDelegate.m */,
				D6C4DC171A8488E200C94FA3 /* Images.xcassets */,
				D6C4DC191A8488E200C94FA3 /* LaunchScreen.xib */,
				D6C4DC0A1A8488E200C94FA3 /* Supporting Files */,
				D6C4DC301A84896E00C94FA3 /* TimelineViewController.h */,
				D6C4DC311A84896E00C94FA3 /* TimelineViewController.m */,
				D6C4DC321A84896E00C94FA3 /* TimelineViewController.xib */,
				D6C4DC351A848D0600C94FA3 /* LoginViewController.h */,
				D6C4DC361A848D0600C94FA3 /* LoginViewController.m */,
				D6C4DC371A848D0600C94FA3 /* LoginViewController.xib */,
				D6C4DC3A1A84949300C94FA3 /* DetailViewController.h */,
				D6C4DC3B1A84949300C94FA3 /* DetailViewController.m */,
				D6C4DC3C1A84949300C94FA3 /* DetailViewController.xib */,
				D6C4DC3F1A8494B400C94FA3 /* ComposeViewController.h */,
				D6C4DC401A8494B400C94FA3 /* ComposeViewController.m */,
				D6C4DC411A8494B400C94FA3 /* ComposeViewController.xib */,
				D6C4DC441A8494E000C94FA3 /* TweetCell.h */,
				D6C4DC451A8494E100C94FA3 /* TweetCell.m */,
				D6C4DC461A8494E100C94FA3 /* TweetCell.xib */,
				D6C4D1781A86DB3A003A1C7A /* TwitterClient.h */,
				D6C4D1791A86DB3A003A1C7A /* TwitterClient.m */,
				D6ACBF141A93221D005EF961 /* PageBarViewController.h */,
				D6ACBF151A93221D005EF961 /* PageBarViewController.m */,
				D6ACBF161A93221D005EF961 /* PageBarViewController.xib */,
			);
			path = twitter;
			sourceTree = "<group>";
		};
		D6C4DC0A1A8488E200C94FA3 /* Supporting Files */ = {
			isa = PBXGroup;
			children = (
				D6C4DC0B1A8488E200C94FA3 /* Info.plist */,
				D6C4DC0C1A8488E200C94FA3 /* main.m */,
			);
			name = "Supporting Files";
			sourceTree = "<group>";
		};
		D6C4DC231A8488E200C94FA3 /* twitterTests */ = {
			isa = PBXGroup;
			children = (
				D6C4DC261A8488E200C94FA3 /* twitterTests.m */,
				D6C4DC241A8488E200C94FA3 /* Supporting Files */,
			);
			path = twitterTests;
			sourceTree = "<group>";
		};
		D6C4DC241A8488E200C94FA3 /* Supporting Files */ = {
			isa = PBXGroup;
			children = (
				D6C4DC251A8488E200C94FA3 /* Info.plist */,
			);
			name = "Supporting Files";
			sourceTree = "<group>";
		};
		DA8205F18F8FE3F03EE1EFD2 /* Frameworks */ = {
			isa = PBXGroup;
			children = (
				DEBEA0DEF9C03CD45B79A33C /* libPods.a */,
			);
			name = Frameworks;
			sourceTree = "<group>";
		};
/* End PBXGroup section */

/* Begin PBXNativeTarget section */
		D6C4DC061A8488E200C94FA3 /* twitter */ = {
			isa = PBXNativeTarget;
			buildConfigurationList = D6C4DC2A1A8488E200C94FA3 /* Build configuration list for PBXNativeTarget "twitter" */;
			buildPhases = (
				722E8125C1AA8347041E62F3 /* Check Pods Manifest.lock */,
				D6C4DC031A8488E200C94FA3 /* Sources */,
				D6C4DC041A8488E200C94FA3 /* Frameworks */,
				D6C4DC051A8488E200C94FA3 /* Resources */,
				6DFA12918E72C823AD3D9B24 /* Copy Pods Resources */,
			);
			buildRules = (
			);
			dependencies = (
			);
			name = twitter;
			productName = twitter;
			productReference = D6C4DC071A8488E200C94FA3 /* twitter.app */;
			productType = "com.apple.product-type.application";
		};
		D6C4DC1F1A8488E200C94FA3 /* twitterTests */ = {
			isa = PBXNativeTarget;
			buildConfigurationList = D6C4DC2D1A8488E200C94FA3 /* Build configuration list for PBXNativeTarget "twitterTests" */;
			buildPhases = (
				D6C4DC1C1A8488E200C94FA3 /* Sources */,
				D6C4DC1D1A8488E200C94FA3 /* Frameworks */,
				D6C4DC1E1A8488E200C94FA3 /* Resources */,
			);
			buildRules = (
			);
			dependencies = (
				D6C4DC221A8488E200C94FA3 /* PBXTargetDependency */,
			);
			name = twitterTests;
			productName = twitterTests;
			productReference = D6C4DC201A8488E200C94FA3 /* twitterTests.xctest */;
			productType = "com.apple.product-type.bundle.unit-test";
		};
/* End PBXNativeTarget section */

/* Begin PBXProject section */
		D6C4DBFF1A8488E200C94FA3 /* Project object */ = {
			isa = PBXProject;
			attributes = {
				LastUpgradeCheck = 0600;
				ORGANIZATIONNAME = fabian;
				TargetAttributes = {
					D6C4DC061A8488E200C94FA3 = {
						CreatedOnToolsVersion = 6.0;
					};
					D6C4DC1F1A8488E200C94FA3 = {
						CreatedOnToolsVersion = 6.0;
						TestTargetID = D6C4DC061A8488E200C94FA3;
					};
				};
			};
			buildConfigurationList = D6C4DC021A8488E200C94FA3 /* Build configuration list for PBXProject "twitter" */;
			compatibilityVersion = "Xcode 3.2";
			developmentRegion = English;
			hasScannedForEncodings = 0;
			knownRegions = (
				en,
				Base,
			);
			mainGroup = D6C4DBFE1A8488E200C94FA3;
			productRefGroup = D6C4DC081A8488E200C94FA3 /* Products */;
			projectDirPath = "";
			projectRoot = "";
			targets = (
				D6C4DC061A8488E200C94FA3 /* twitter */,
				D6C4DC1F1A8488E200C94FA3 /* twitterTests */,
			);
		};
/* End PBXProject section */

/* Begin PBXResourcesBuildPhase section */
		D6C4DC051A8488E200C94FA3 /* Resources */ = {
			isa = PBXResourcesBuildPhase;
			buildActionMask = 2147483647;
			files = (
				D662E5AB1A926FD5001D39E9 /* ProfileViewController.xib in Resources */,
				D6C4DC391A848D0600C94FA3 /* LoginViewController.xib in Resources */,
				D6B40BC81A886B570012268B /* retweet_on.png in Resources */,
				D6C4DC431A8494B400C94FA3 /* ComposeViewController.xib in Resources */,
				D6C4DC1B1A8488E200C94FA3 /* LaunchScreen.xib in Resources */,
				D6ACBF181A93221D005EF961 /* PageBarViewController.xib in Resources */,
				D6E69EB51A89EDBC00E4B279 /* Twitter_logo_white.png in Resources */,
				D6B40BC71A886B570012268B /* reply.png in Resources */,
				D6C4DC481A8494E100C94FA3 /* TweetCell.xib in Resources */,
				D6B40BC61A886B570012268B /* favorite_on.png in Resources */,
				D6C4DC3E1A84949300C94FA3 /* DetailViewController.xib in Resources */,
				D6C4DC341A84896E00C94FA3 /* TimelineViewController.xib in Resources */,
				D6B1D57B1A92F7C50004D653 /* SegmentedControlViewController.xib in Resources */,
				D662E5B01A928B52001D39E9 /* ProfileHeaderViewController.xib in Resources */,
				D6B40BC01A8868140012268B /* retweet.png in Resources */,
				D6B40BC21A8868C20012268B /* favorite.png in Resources */,
				D6C4DC181A8488E200C94FA3 /* Images.xcassets in Resources */,
			);
			runOnlyForDeploymentPostprocessing = 0;
		};
		D6C4DC1E1A8488E200C94FA3 /* Resources */ = {
			isa = PBXResourcesBuildPhase;
			buildActionMask = 2147483647;
			files = (
			);
			runOnlyForDeploymentPostprocessing = 0;
		};
/* End PBXResourcesBuildPhase section */

/* Begin PBXShellScriptBuildPhase section */
		6DFA12918E72C823AD3D9B24 /* Copy Pods Resources */ = {
			isa = PBXShellScriptBuildPhase;
			buildActionMask = 2147483647;
			files = (
			);
			inputPaths = (
			);
			name = "Copy Pods Resources";
			outputPaths = (
			);
			runOnlyForDeploymentPostprocessing = 0;
			shellPath = /bin/sh;
			shellScript = "\"${SRCROOT}/Pods/Target Support Files/Pods/Pods-resources.sh\"\n";
			showEnvVarsInLog = 0;
		};
		722E8125C1AA8347041E62F3 /* Check Pods Manifest.lock */ = {
			isa = PBXShellScriptBuildPhase;
			buildActionMask = 2147483647;
			files = (
			);
			inputPaths = (
			);
			name = "Check Pods Manifest.lock";
			outputPaths = (
			);
			runOnlyForDeploymentPostprocessing = 0;
			shellPath = /bin/sh;
			shellScript = "diff \"${PODS_ROOT}/../Podfile.lock\" \"${PODS_ROOT}/Manifest.lock\" > /dev/null\nif [[ $? != 0 ]] ; then\n    cat << EOM\nerror: The sandbox is not in sync with the Podfile.lock. Run 'pod install' or update your CocoaPods installation.\nEOM\n    exit 1\nfi\n";
			showEnvVarsInLog = 0;
		};
/* End PBXShellScriptBuildPhase section */

/* Begin PBXSourcesBuildPhase section */
		D6C4DC031A8488E200C94FA3 /* Sources */ = {
			isa = PBXSourcesBuildPhase;
			buildActionMask = 2147483647;
			files = (
				D6C4DC3D1A84949300C94FA3 /* DetailViewController.m in Sources */,
				D6ACBF171A93221D005EF961 /* PageBarViewController.m in Sources */,
				D662E5AF1A928B52001D39E9 /* ProfileHeaderViewController.m in Sources */,
				D6C4DC381A848D0600C94FA3 /* LoginViewController.m in Sources */,
				D6C4D17E1A872182003A1C7A /* User.m in Sources */,
				D6C4DC101A8488E200C94FA3 /* AppDelegate.m in Sources */,
				D6C4DC421A8494B400C94FA3 /* ComposeViewController.m in Sources */,
				D6B1D57A1A92F7C50004D653 /* SegmentedControlViewController.m in Sources */,
				D6C4D17A1A86DB3A003A1C7A /* TwitterClient.m in Sources */,
				D6C4DC331A84896E00C94FA3 /* TimelineViewController.m in Sources */,
				D6C4D1811A87268A003A1C7A /* Tweet.m in Sources */,
				D6C4DC0D1A8488E200C94FA3 /* main.m in Sources */,
				D6C4DC471A8494E100C94FA3 /* TweetCell.m in Sources */,
				D662E5AA1A926FD5001D39E9 /* ProfileViewController.m in Sources */,
			);
			runOnlyForDeploymentPostprocessing = 0;
		};
		D6C4DC1C1A8488E200C94FA3 /* Sources */ = {
			isa = PBXSourcesBuildPhase;
			buildActionMask = 2147483647;
			files = (
				D6C4DC271A8488E200C94FA3 /* twitterTests.m in Sources */,
			);
			runOnlyForDeploymentPostprocessing = 0;
		};
/* End PBXSourcesBuildPhase section */

/* Begin PBXTargetDependency section */
		D6C4DC221A8488E200C94FA3 /* PBXTargetDependency */ = {
			isa = PBXTargetDependency;
			target = D6C4DC061A8488E200C94FA3 /* twitter */;
			targetProxy = D6C4DC211A8488E200C94FA3 /* PBXContainerItemProxy */;
		};
/* End PBXTargetDependency section */

/* Begin PBXVariantGroup section */
		D6C4DC191A8488E200C94FA3 /* LaunchScreen.xib */ = {
			isa = PBXVariantGroup;
			children = (
				D6C4DC1A1A8488E200C94FA3 /* Base */,
			);
			name = LaunchScreen.xib;
			sourceTree = "<group>";
		};
/* End PBXVariantGroup section */

/* Begin XCBuildConfiguration section */
		D6C4DC281A8488E200C94FA3 /* Debug */ = {
			isa = XCBuildConfiguration;
			buildSettings = {
				ALWAYS_SEARCH_USER_PATHS = NO;
				CLANG_CXX_LANGUAGE_STANDARD = "gnu++0x";
				CLANG_CXX_LIBRARY = "libc++";
				CLANG_ENABLE_MODULES = YES;
				CLANG_ENABLE_OBJC_ARC = YES;
				CLANG_WARN_BOOL_CONVERSION = YES;
				CLANG_WARN_CONSTANT_CONVERSION = YES;
				CLANG_WARN_DIRECT_OBJC_ISA_USAGE = YES_ERROR;
				CLANG_WARN_EMPTY_BODY = YES;
				CLANG_WARN_ENUM_CONVERSION = YES;
				CLANG_WARN_INT_CONVERSION = YES;
				CLANG_WARN_OBJC_ROOT_CLASS = YES_ERROR;
				CLANG_WARN_UNREACHABLE_CODE = YES;
				CLANG_WARN__DUPLICATE_METHOD_MATCH = YES;
				"CODE_SIGN_IDENTITY[sdk=iphoneos*]" = "iPhone Developer";
				COPY_PHASE_STRIP = NO;
				ENABLE_STRICT_OBJC_MSGSEND = YES;
				GCC_C_LANGUAGE_STANDARD = gnu99;
				GCC_DYNAMIC_NO_PIC = NO;
				GCC_OPTIMIZATION_LEVEL = 0;
				GCC_PREPROCESSOR_DEFINITIONS = (
					"DEBUG=1",
					"$(inherited)",
				);
				GCC_SYMBOLS_PRIVATE_EXTERN = NO;
				GCC_WARN_64_TO_32_BIT_CONVERSION = YES;
				GCC_WARN_ABOUT_RETURN_TYPE = YES_ERROR;
				GCC_WARN_UNDECLARED_SELECTOR = YES;
				GCC_WARN_UNINITIALIZED_AUTOS = YES_AGGRESSIVE;
				GCC_WARN_UNUSED_FUNCTION = YES;
				GCC_WARN_UNUSED_VARIABLE = YES;
				IPHONEOS_DEPLOYMENT_TARGET = 8.0;
				MTL_ENABLE_DEBUG_INFO = YES;
				ONLY_ACTIVE_ARCH = YES;
				SDKROOT = iphoneos;
			};
			name = Debug;
		};
		D6C4DC291A8488E200C94FA3 /* Release */ = {
			isa = XCBuildConfiguration;
			buildSettings = {
				ALWAYS_SEARCH_USER_PATHS = NO;
				CLANG_CXX_LANGUAGE_STANDARD = "gnu++0x";
				CLANG_CXX_LIBRARY = "libc++";
				CLANG_ENABLE_MODULES = YES;
				CLANG_ENABLE_OBJC_ARC = YES;
				CLANG_WARN_BOOL_CONVERSION = YES;
				CLANG_WARN_CONSTANT_CONVERSION = YES;
				CLANG_WARN_DIRECT_OBJC_ISA_USAGE = YES_ERROR;
				CLANG_WARN_EMPTY_BODY = YES;
				CLANG_WARN_ENUM_CONVERSION = YES;
				CLANG_WARN_INT_CONVERSION = YES;
				CLANG_WARN_OBJC_ROOT_CLASS = YES_ERROR;
				CLANG_WARN_UNREACHABLE_CODE = YES;
				CLANG_WARN__DUPLICATE_METHOD_MATCH = YES;
				"CODE_SIGN_IDENTITY[sdk=iphoneos*]" = "iPhone Developer";
				COPY_PHASE_STRIP = YES;
				ENABLE_NS_ASSERTIONS = NO;
				ENABLE_STRICT_OBJC_MSGSEND = YES;
				GCC_C_LANGUAGE_STANDARD = gnu99;
				GCC_WARN_64_TO_32_BIT_CONVERSION = YES;
				GCC_WARN_ABOUT_RETURN_TYPE = YES_ERROR;
				GCC_WARN_UNDECLARED_SELECTOR = YES;
				GCC_WARN_UNINITIALIZED_AUTOS = YES_AGGRESSIVE;
				GCC_WARN_UNUSED_FUNCTION = YES;
				GCC_WARN_UNUSED_VARIABLE = YES;
				IPHONEOS_DEPLOYMENT_TARGET = 8.0;
				MTL_ENABLE_DEBUG_INFO = NO;
				SDKROOT = iphoneos;
				VALIDATE_PRODUCT = YES;
			};
			name = Release;
		};
		D6C4DC2B1A8488E200C94FA3 /* Debug */ = {
			isa = XCBuildConfiguration;
			baseConfigurationReference = E92FF3808BBFED26EFFD3918 /* Pods.debug.xcconfig */;
			buildSettings = {
				ASSETCATALOG_COMPILER_APPICON_NAME = AppIcon;
				INFOPLIST_FILE = twitter/Info.plist;
				LD_RUNPATH_SEARCH_PATHS = "$(inherited) @executable_path/Frameworks";
				PRODUCT_NAME = "$(TARGET_NAME)";
			};
			name = Debug;
		};
		D6C4DC2C1A8488E200C94FA3 /* Release */ = {
			isa = XCBuildConfiguration;
			baseConfigurationReference = D69A3319FF0A90E5A988956E /* Pods.release.xcconfig */;
			buildSettings = {
				ASSETCATALOG_COMPILER_APPICON_NAME = AppIcon;
				INFOPLIST_FILE = twitter/Info.plist;
				LD_RUNPATH_SEARCH_PATHS = "$(inherited) @executable_path/Frameworks";
				PRODUCT_NAME = "$(TARGET_NAME)";
			};
			name = Release;
		};
		D6C4DC2E1A8488E200C94FA3 /* Debug */ = {
			isa = XCBuildConfiguration;
			buildSettings = {
				BUNDLE_LOADER = "$(TEST_HOST)";
				FRAMEWORK_SEARCH_PATHS = (
					"$(SDKROOT)/Developer/Library/Frameworks",
					"$(inherited)",
				);
				GCC_PREPROCESSOR_DEFINITIONS = (
					"DEBUG=1",
					"$(inherited)",
				);
				INFOPLIST_FILE = twitterTests/Info.plist;
				LD_RUNPATH_SEARCH_PATHS = "$(inherited) @executable_path/Frameworks @loader_path/Frameworks";
				PRODUCT_NAME = "$(TARGET_NAME)";
				TEST_HOST = "$(BUILT_PRODUCTS_DIR)/twitter.app/twitter";
			};
			name = Debug;
		};
		D6C4DC2F1A8488E200C94FA3 /* Release */ = {
			isa = XCBuildConfiguration;
			buildSettings = {
				BUNDLE_LOADER = "$(TEST_HOST)";
				FRAMEWORK_SEARCH_PATHS = (
					"$(SDKROOT)/Developer/Library/Frameworks",
					"$(inherited)",
				);
				INFOPLIST_FILE = twitterTests/Info.plist;
				LD_RUNPATH_SEARCH_PATHS = "$(inherited) @executable_path/Frameworks @loader_path/Frameworks";
				PRODUCT_NAME = "$(TARGET_NAME)";
				TEST_HOST = "$(BUILT_PRODUCTS_DIR)/twitter.app/twitter";
			};
			name = Release;
		};
/* End XCBuildConfiguration section */

/* Begin XCConfigurationList section */
		D6C4DC021A8488E200C94FA3 /* Build configuration list for PBXProject "twitter" */ = {
			isa = XCConfigurationList;
			buildConfigurations = (
				D6C4DC281A8488E200C94FA3 /* Debug */,
				D6C4DC291A8488E200C94FA3 /* Release */,
			);
			defaultConfigurationIsVisible = 0;
			defaultConfigurationName = Release;
		};
		D6C4DC2A1A8488E200C94FA3 /* Build configuration list for PBXNativeTarget "twitter" */ = {
			isa = XCConfigurationList;
			buildConfigurations = (
				D6C4DC2B1A8488E200C94FA3 /* Debug */,
				D6C4DC2C1A8488E200C94FA3 /* Release */,
			);
			defaultConfigurationIsVisible = 0;
			defaultConfigurationName = Release;
		};
		D6C4DC2D1A8488E200C94FA3 /* Build configuration list for PBXNativeTarget "twitterTests" */ = {
			isa = XCConfigurationList;
			buildConfigurations = (
				D6C4DC2E1A8488E200C94FA3 /* Debug */,
				D6C4DC2F1A8488E200C94FA3 /* Release */,
			);
			defaultConfigurationIsVisible = 0;
			defaultConfigurationName = Release;
		};
/* End XCConfigurationList section */
	};
	rootObject = D6C4DBFF1A8488E200C94FA3 /* Project object */;
}
